// !$*UTF8*$!
{
	archiveVersion = 1;
	classes = {
	};
	objectVersion = 50;
	objects = {

/* Begin PBXBuildFile section */
		6702656523C0AE6E009F4B4C /* SplitAStringInBalancedStrings.swift in Sources */ = {isa = PBXBuildFile; fileRef = 6702656423C0AE6E009F4B4C /* SplitAStringInBalancedStrings.swift */; };
		67108F1323F563740046B61C /* ConvertBinaryNumberInALinkedListToInteger.swift in Sources */ = {isa = PBXBuildFile; fileRef = 67108F1223F563740046B61C /* ConvertBinaryNumberInALinkedListToInteger.swift */; };
		673EE4AF23F5679D005D8359 /* SequentialDigits.swift in Sources */ = {isa = PBXBuildFile; fileRef = 673EE4AE23F5679D005D8359 /* SequentialDigits.swift */; };
		673EE4B123F57FDD005D8359 /* MaximumSideLengthOfASquareWithSumLessThanOrEqualToThreshold.swift in Sources */ = {isa = PBXBuildFile; fileRef = 673EE4B023F57FDD005D8359 /* MaximumSideLengthOfASquareWithSumLessThanOrEqualToThreshold.swift */; };
		67412859243CB0D1004B1C68 /* MinimumSubsequenceInNonIncreasingOrder.swift in Sources */ = {isa = PBXBuildFile; fileRef = 67412858243CB0D1004B1C68 /* MinimumSubsequenceInNonIncreasingOrder.swift */; };
		6741285B243CB463004B1C68 /* NumberOfStepsToReduceANumberInBinaryRepresentationToOne.swift in Sources */ = {isa = PBXBuildFile; fileRef = 6741285A243CB463004B1C68 /* NumberOfStepsToReduceANumberInBinaryRepresentationToOne.swift */; };
		6741285D243CBA9C004B1C68 /* LongestHappyString.swift in Sources */ = {isa = PBXBuildFile; fileRef = 6741285C243CBA9C004B1C68 /* LongestHappyString.swift */; };
		6741285F243D0394004B1C68 /* NumberOfStepsToReduceANumberToZero.swift in Sources */ = {isa = PBXBuildFile; fileRef = 6741285E243D0394004B1C68 /* NumberOfStepsToReduceANumberToZero.swift */; };
		67412861243D0544004B1C68 /* HammingDistance.swift in Sources */ = {isa = PBXBuildFile; fileRef = 67412860243D0544004B1C68 /* HammingDistance.swift */; };
		67412863243D0B62004B1C68 /* NumberOf1Bits.swift in Sources */ = {isa = PBXBuildFile; fileRef = 67412862243D0B62004B1C68 /* NumberOf1Bits.swift */; };
		67412865243D0CA3004B1C68 /* ReverseBits.swift in Sources */ = {isa = PBXBuildFile; fileRef = 67412864243D0CA3004B1C68 /* ReverseBits.swift */; };
		6766B84923C20D9700FEDA63 /* ToLowerCase.swift in Sources */ = {isa = PBXBuildFile; fileRef = 6766B84823C20D9700FEDA63 /* ToLowerCase.swift */; };
		6766B84B23C2158300FEDA63 /* LengthOfLastWord.swift in Sources */ = {isa = PBXBuildFile; fileRef = 6766B84A23C2158300FEDA63 /* LengthOfLastWord.swift */; };
		676C00DD23BD060300C62D62 /* main.swift in Sources */ = {isa = PBXBuildFile; fileRef = 676C00DC23BD060300C62D62 /* main.swift */; };
		676C00E423BD062B00C62D62 /* TwoSum.swift in Sources */ = {isa = PBXBuildFile; fileRef = 676C00E323BD062B00C62D62 /* TwoSum.swift */; };
		676C00E823BE177200C62D62 /* DefangingAnIpAddress.swift in Sources */ = {isa = PBXBuildFile; fileRef = 676C00E723BE177200C62D62 /* DefangingAnIpAddress.swift */; };
		676C00EA23BE191600C62D62 /* FindNumbersWithEvenNumberOfDigits.swift in Sources */ = {isa = PBXBuildFile; fileRef = 676C00E923BE191600C62D62 /* FindNumbersWithEvenNumberOfDigits.swift */; };
		676C00ED23BE1EA900C62D62 /* SubtractTheProductAndSumOfDigitsOfAnInteger.swift in Sources */ = {isa = PBXBuildFile; fileRef = 676C00EC23BE1EA900C62D62 /* SubtractTheProductAndSumOfDigitsOfAnInteger.swift */; };
		676C00EF23BE22C700C62D62 /* JewelsAndStones.swift in Sources */ = {isa = PBXBuildFile; fileRef = 676C00EE23BE22C700C62D62 /* JewelsAndStones.swift */; };
		6784885923E843200029B7F8 /* TheKWeakestRowsInAMatrix.swift in Sources */ = {isa = PBXBuildFile; fileRef = 6784885823E843200029B7F8 /* TheKWeakestRowsInAMatrix.swift */; };
		6784885B23E84C290029B7F8 /* ReduceArraySizeToTheHalf.swift in Sources */ = {isa = PBXBuildFile; fileRef = 6784885A23E84C290029B7F8 /* ReduceArraySizeToTheHalf.swift */; };
		6784885D23E855440029B7F8 /* MaximumProductOfSplittedBinaryTree.swift in Sources */ = {isa = PBXBuildFile; fileRef = 6784885C23E855440029B7F8 /* MaximumProductOfSplittedBinaryTree.swift */; };
		679B451823EAEC6A00586368 /* Maximum69Number.swift in Sources */ = {isa = PBXBuildFile; fileRef = 679B451723EAEC6A00586368 /* Maximum69Number.swift */; };
		679B451A23EAEEA300586368 /* PrintWordsVertically.swift in Sources */ = {isa = PBXBuildFile; fileRef = 679B451923EAEEA300586368 /* PrintWordsVertically.swift */; };
		679B453823EC2B1B00586368 /* ConvertIntegerToTheSumOfTwoNoZeroIntegers.swift in Sources */ = {isa = PBXBuildFile; fileRef = 679B453723EC2B1B00586368 /* ConvertIntegerToTheSumOfTwoNoZeroIntegers.swift */; };
		679B453A23EC303B00586368 /* MinimumFlipsToMakeAOrBEqualToC.swift in Sources */ = {isa = PBXBuildFile; fileRef = 679B453923EC303B00586368 /* MinimumFlipsToMakeAOrBEqualToC.swift */; };
		679B453C23EC52F700586368 /* NumberOfOperationsToMakeNetworkConnected.swift in Sources */ = {isa = PBXBuildFile; fileRef = 679B453B23EC52F700586368 /* NumberOfOperationsToMakeNetworkConnected.swift */; };
		67A322DB23C8D62B00EB746D /* SquaresOfASortedArray.swift in Sources */ = {isa = PBXBuildFile; fileRef = 67A322DA23C8D62B00EB746D /* SquaresOfASortedArray.swift */; };
		67A322DF23C903D700EB746D /* N-RepeatedElementInSize2NArray.swift in Sources */ = {isa = PBXBuildFile; fileRef = 67A322DE23C903D700EB746D /* N-RepeatedElementInSize2NArray.swift */; };
		67A322E723CA258700EB746D /* SingleNumber.swift in Sources */ = {isa = PBXBuildFile; fileRef = 67A322E623CA258700EB746D /* SingleNumber.swift */; };
		67A7836423E98E80006A9169 /* RemovePalindromicSubsequences.swift in Sources */ = {isa = PBXBuildFile; fileRef = 67A7836323E98E80006A9169 /* RemovePalindromicSubsequences.swift */; };
		67A7836823E99E93006A9169 /* FilterRestaurantsByVeganfriendlypriceAndDistance.swift in Sources */ = {isa = PBXBuildFile; fileRef = 67A7836723E99E93006A9169 /* FilterRestaurantsByVeganfriendlypriceAndDistance.swift */; };
		67B92BA5243DFBC2007B7FEF /* CountLargestGroup.swift in Sources */ = {isa = PBXBuildFile; fileRef = 67B92BA4243DFBC2007B7FEF /* CountLargestGroup.swift */; };
		67B92BA7243E082A007B7FEF /* ConstructKPalindromeStrings.swift in Sources */ = {isa = PBXBuildFile; fileRef = 67B92BA6243E082A007B7FEF /* ConstructKPalindromeStrings.swift */; };
		67B92BA9243E10E0007B7FEF /* CircleAndRectangleOverlapping.swift in Sources */ = {isa = PBXBuildFile; fileRef = 67B92BA8243E10E0007B7FEF /* CircleAndRectangleOverlapping.swift */; };
		67C217DC23EED34300602834 /* XorQueriesOfASubarray.swift in Sources */ = {isa = PBXBuildFile; fileRef = 67C217DB23EED34300602834 /* XorQueriesOfASubarray.swift */; };
		67C217DE23EEF04200602834 /* GetWatchedVideosByYourFriends.swift in Sources */ = {isa = PBXBuildFile; fileRef = 67C217DD23EEF04200602834 /* GetWatchedVideosByYourFriends.swift */; };
		67C217EC23F0201C00602834 /* AllElementsInTwoBinarySearchTrees.swift in Sources */ = {isa = PBXBuildFile; fileRef = 67C217EB23F0201C00602834 /* AllElementsInTwoBinarySearchTrees.swift */; };
		67C217F023F02D3D00602834 /* JumpGameIII.swift in Sources */ = {isa = PBXBuildFile; fileRef = 67C217EF23F02D3D00602834 /* JumpGameIII.swift */; };
		67C70B5623ED7F8D00CE6C1A /* DecompressRunLengthEncodedList.swift in Sources */ = {isa = PBXBuildFile; fileRef = 67C70B5523ED7F8D00CE6C1A /* DecompressRunLengthEncodedList.swift */; };
		67C70B5C23ED8E9F00CE6C1A /* UniqueNumberOfOccurrences.swift in Sources */ = {isa = PBXBuildFile; fileRef = 67C70B5B23ED8E9F00CE6C1A /* UniqueNumberOfOccurrences.swift */; };
		67C70B5E23ED96BB00CE6C1A /* DecryptStringFromAlphabetToIntegerMapping.swift in Sources */ = {isa = PBXBuildFile; fileRef = 67C70B5D23ED96BB00CE6C1A /* DecryptStringFromAlphabetToIntegerMapping.swift */; };
		67C70B6023EDA01900CE6C1A /* FindNUniqueIntegersSumUpToZero.swift in Sources */ = {isa = PBXBuildFile; fileRef = 67C70B5F23EDA01900CE6C1A /* FindNUniqueIntegersSumUpToZero.swift */; };
		67C70B6223EDA5CC00CE6C1A /* SortArrayByParity.swift in Sources */ = {isa = PBXBuildFile; fileRef = 67C70B6123EDA5CC00CE6C1A /* SortArrayByParity.swift */; };
		67C70B6423EE877D00CE6C1A /* KeyboardRow.swift in Sources */ = {isa = PBXBuildFile; fileRef = 67C70B6323EE877D00CE6C1A /* KeyboardRow.swift */; };
		67D030E8243F56F600F007E7 /* FindLuckyIntegerInAnArray.swift in Sources */ = {isa = PBXBuildFile; fileRef = 67D030E7243F56F600F007E7 /* FindLuckyIntegerInAnArray.swift */; };
		67D030EA243F58DD00F007E7 /* CountNumberOfTeams.swift in Sources */ = {isa = PBXBuildFile; fileRef = 67D030E9243F58DD00F007E7 /* CountNumberOfTeams.swift */; };
		67D030F0243F5AD700F007E7 /* Design Underground System.swift in Sources */ = {isa = PBXBuildFile; fileRef = 67D030EF243F5AD700F007E7 /* Design Underground System.swift */; };
		67D8105223F173C4007505AB /* ReplaceElementsWithGreatestElementOnRightSide.swift in Sources */ = {isa = PBXBuildFile; fileRef = 67D8105123F173C4007505AB /* ReplaceElementsWithGreatestElementOnRightSide.swift */; };
		67D8105423F183FB007505AB /* SumOfMutatedArrayClosestToTarget.swift in Sources */ = {isa = PBXBuildFile; fileRef = 67D8105323F183FB007505AB /* SumOfMutatedArrayClosestToTarget.swift */; };
		67D8105623F1903F007505AB /* DeepestLeavesSum.swift in Sources */ = {isa = PBXBuildFile; fileRef = 67D8105523F1903F007505AB /* DeepestLeavesSum.swift */; };
/* End PBXBuildFile section */

/* Begin PBXCopyFilesBuildPhase section */
		676C00D723BD060300C62D62 /* CopyFiles */ = {
			isa = PBXCopyFilesBuildPhase;
			buildActionMask = 2147483647;
			dstPath = /usr/share/man/man1/;
			dstSubfolderSpec = 0;
			files = (
			);
			runOnlyForDeploymentPostprocessing = 1;
		};
/* End PBXCopyFilesBuildPhase section */

/* Begin PBXFileReference section */
		6702656423C0AE6E009F4B4C /* SplitAStringInBalancedStrings.swift */ = {isa = PBXFileReference; lastKnownFileType = sourcecode.swift; path = SplitAStringInBalancedStrings.swift; sourceTree = "<group>"; };
		67108F1223F563740046B61C /* ConvertBinaryNumberInALinkedListToInteger.swift */ = {isa = PBXFileReference; lastKnownFileType = sourcecode.swift; path = ConvertBinaryNumberInALinkedListToInteger.swift; sourceTree = "<group>"; };
		673EE4AE23F5679D005D8359 /* SequentialDigits.swift */ = {isa = PBXFileReference; lastKnownFileType = sourcecode.swift; path = SequentialDigits.swift; sourceTree = "<group>"; };
		673EE4B023F57FDD005D8359 /* MaximumSideLengthOfASquareWithSumLessThanOrEqualToThreshold.swift */ = {isa = PBXFileReference; lastKnownFileType = sourcecode.swift; path = MaximumSideLengthOfASquareWithSumLessThanOrEqualToThreshold.swift; sourceTree = "<group>"; };
		67412858243CB0D1004B1C68 /* MinimumSubsequenceInNonIncreasingOrder.swift */ = {isa = PBXFileReference; lastKnownFileType = sourcecode.swift; path = MinimumSubsequenceInNonIncreasingOrder.swift; sourceTree = "<group>"; };
		6741285A243CB463004B1C68 /* NumberOfStepsToReduceANumberInBinaryRepresentationToOne.swift */ = {isa = PBXFileReference; lastKnownFileType = sourcecode.swift; path = NumberOfStepsToReduceANumberInBinaryRepresentationToOne.swift; sourceTree = "<group>"; };
		6741285C243CBA9C004B1C68 /* LongestHappyString.swift */ = {isa = PBXFileReference; lastKnownFileType = sourcecode.swift; path = LongestHappyString.swift; sourceTree = "<group>"; };
		6741285E243D0394004B1C68 /* NumberOfStepsToReduceANumberToZero.swift */ = {isa = PBXFileReference; lastKnownFileType = sourcecode.swift; path = NumberOfStepsToReduceANumberToZero.swift; sourceTree = "<group>"; };
		67412860243D0544004B1C68 /* HammingDistance.swift */ = {isa = PBXFileReference; lastKnownFileType = sourcecode.swift; path = HammingDistance.swift; sourceTree = "<group>"; };
		67412862243D0B62004B1C68 /* NumberOf1Bits.swift */ = {isa = PBXFileReference; lastKnownFileType = sourcecode.swift; path = NumberOf1Bits.swift; sourceTree = "<group>"; };
		67412864243D0CA3004B1C68 /* ReverseBits.swift */ = {isa = PBXFileReference; lastKnownFileType = sourcecode.swift; path = ReverseBits.swift; sourceTree = "<group>"; };
		6766B84823C20D9700FEDA63 /* ToLowerCase.swift */ = {isa = PBXFileReference; lastKnownFileType = sourcecode.swift; path = ToLowerCase.swift; sourceTree = "<group>"; };
		6766B84A23C2158300FEDA63 /* LengthOfLastWord.swift */ = {isa = PBXFileReference; lastKnownFileType = sourcecode.swift; path = LengthOfLastWord.swift; sourceTree = "<group>"; };
		676C00D923BD060300C62D62 /* LeetCode */ = {isa = PBXFileReference; explicitFileType = "compiled.mach-o.executable"; includeInIndex = 0; path = LeetCode; sourceTree = BUILT_PRODUCTS_DIR; };
		676C00DC23BD060300C62D62 /* main.swift */ = {isa = PBXFileReference; lastKnownFileType = sourcecode.swift; path = main.swift; sourceTree = "<group>"; };
		676C00E323BD062B00C62D62 /* TwoSum.swift */ = {isa = PBXFileReference; lastKnownFileType = sourcecode.swift; path = TwoSum.swift; sourceTree = "<group>"; };
		676C00E723BE177200C62D62 /* DefangingAnIpAddress.swift */ = {isa = PBXFileReference; lastKnownFileType = sourcecode.swift; path = DefangingAnIpAddress.swift; sourceTree = "<group>"; };
		676C00E923BE191600C62D62 /* FindNumbersWithEvenNumberOfDigits.swift */ = {isa = PBXFileReference; lastKnownFileType = sourcecode.swift; path = FindNumbersWithEvenNumberOfDigits.swift; sourceTree = "<group>"; };
		676C00EC23BE1EA900C62D62 /* SubtractTheProductAndSumOfDigitsOfAnInteger.swift */ = {isa = PBXFileReference; lastKnownFileType = sourcecode.swift; path = SubtractTheProductAndSumOfDigitsOfAnInteger.swift; sourceTree = "<group>"; };
		676C00EE23BE22C700C62D62 /* JewelsAndStones.swift */ = {isa = PBXFileReference; lastKnownFileType = sourcecode.swift; path = JewelsAndStones.swift; sourceTree = "<group>"; };
		6784885823E843200029B7F8 /* TheKWeakestRowsInAMatrix.swift */ = {isa = PBXFileReference; lastKnownFileType = sourcecode.swift; path = TheKWeakestRowsInAMatrix.swift; sourceTree = "<group>"; };
		6784885A23E84C290029B7F8 /* ReduceArraySizeToTheHalf.swift */ = {isa = PBXFileReference; lastKnownFileType = sourcecode.swift; path = ReduceArraySizeToTheHalf.swift; sourceTree = "<group>"; };
		6784885C23E855440029B7F8 /* MaximumProductOfSplittedBinaryTree.swift */ = {isa = PBXFileReference; lastKnownFileType = sourcecode.swift; path = MaximumProductOfSplittedBinaryTree.swift; sourceTree = "<group>"; };
		679B451723EAEC6A00586368 /* Maximum69Number.swift */ = {isa = PBXFileReference; lastKnownFileType = sourcecode.swift; path = Maximum69Number.swift; sourceTree = "<group>"; };
		679B451923EAEEA300586368 /* PrintWordsVertically.swift */ = {isa = PBXFileReference; lastKnownFileType = sourcecode.swift; path = PrintWordsVertically.swift; sourceTree = "<group>"; };
		679B453723EC2B1B00586368 /* ConvertIntegerToTheSumOfTwoNoZeroIntegers.swift */ = {isa = PBXFileReference; lastKnownFileType = sourcecode.swift; path = ConvertIntegerToTheSumOfTwoNoZeroIntegers.swift; sourceTree = "<group>"; };
		679B453923EC303B00586368 /* MinimumFlipsToMakeAOrBEqualToC.swift */ = {isa = PBXFileReference; lastKnownFileType = sourcecode.swift; path = MinimumFlipsToMakeAOrBEqualToC.swift; sourceTree = "<group>"; };
		679B453B23EC52F700586368 /* NumberOfOperationsToMakeNetworkConnected.swift */ = {isa = PBXFileReference; lastKnownFileType = sourcecode.swift; path = NumberOfOperationsToMakeNetworkConnected.swift; sourceTree = "<group>"; };
		67A322DA23C8D62B00EB746D /* SquaresOfASortedArray.swift */ = {isa = PBXFileReference; lastKnownFileType = sourcecode.swift; path = SquaresOfASortedArray.swift; sourceTree = "<group>"; };
		67A322DE23C903D700EB746D /* N-RepeatedElementInSize2NArray.swift */ = {isa = PBXFileReference; lastKnownFileType = sourcecode.swift; path = "N-RepeatedElementInSize2NArray.swift"; sourceTree = "<group>"; };
		67A322E623CA258700EB746D /* SingleNumber.swift */ = {isa = PBXFileReference; lastKnownFileType = sourcecode.swift; path = SingleNumber.swift; sourceTree = "<group>"; };
		67A7836323E98E80006A9169 /* RemovePalindromicSubsequences.swift */ = {isa = PBXFileReference; lastKnownFileType = sourcecode.swift; path = RemovePalindromicSubsequences.swift; sourceTree = "<group>"; };
		67A7836723E99E93006A9169 /* FilterRestaurantsByVeganfriendlypriceAndDistance.swift */ = {isa = PBXFileReference; lastKnownFileType = sourcecode.swift; path = FilterRestaurantsByVeganfriendlypriceAndDistance.swift; sourceTree = "<group>"; };
		67B92BA4243DFBC2007B7FEF /* CountLargestGroup.swift */ = {isa = PBXFileReference; lastKnownFileType = sourcecode.swift; path = CountLargestGroup.swift; sourceTree = "<group>"; };
		67B92BA6243E082A007B7FEF /* ConstructKPalindromeStrings.swift */ = {isa = PBXFileReference; lastKnownFileType = sourcecode.swift; path = ConstructKPalindromeStrings.swift; sourceTree = "<group>"; };
		67B92BA8243E10E0007B7FEF /* CircleAndRectangleOverlapping.swift */ = {isa = PBXFileReference; lastKnownFileType = sourcecode.swift; path = CircleAndRectangleOverlapping.swift; sourceTree = "<group>"; };
		67C217DB23EED34300602834 /* XorQueriesOfASubarray.swift */ = {isa = PBXFileReference; lastKnownFileType = sourcecode.swift; path = XorQueriesOfASubarray.swift; sourceTree = "<group>"; };
		67C217DD23EEF04200602834 /* GetWatchedVideosByYourFriends.swift */ = {isa = PBXFileReference; lastKnownFileType = sourcecode.swift; path = GetWatchedVideosByYourFriends.swift; sourceTree = "<group>"; };
		67C217EB23F0201C00602834 /* AllElementsInTwoBinarySearchTrees.swift */ = {isa = PBXFileReference; lastKnownFileType = sourcecode.swift; path = AllElementsInTwoBinarySearchTrees.swift; sourceTree = "<group>"; };
		67C217EF23F02D3D00602834 /* JumpGameIII.swift */ = {isa = PBXFileReference; lastKnownFileType = sourcecode.swift; path = JumpGameIII.swift; sourceTree = "<group>"; };
		67C70B5523ED7F8D00CE6C1A /* DecompressRunLengthEncodedList.swift */ = {isa = PBXFileReference; lastKnownFileType = sourcecode.swift; path = DecompressRunLengthEncodedList.swift; sourceTree = "<group>"; };
		67C70B5B23ED8E9F00CE6C1A /* UniqueNumberOfOccurrences.swift */ = {isa = PBXFileReference; lastKnownFileType = sourcecode.swift; path = UniqueNumberOfOccurrences.swift; sourceTree = "<group>"; };
		67C70B5D23ED96BB00CE6C1A /* DecryptStringFromAlphabetToIntegerMapping.swift */ = {isa = PBXFileReference; lastKnownFileType = sourcecode.swift; path = DecryptStringFromAlphabetToIntegerMapping.swift; sourceTree = "<group>"; };
		67C70B5F23EDA01900CE6C1A /* FindNUniqueIntegersSumUpToZero.swift */ = {isa = PBXFileReference; lastKnownFileType = sourcecode.swift; path = FindNUniqueIntegersSumUpToZero.swift; sourceTree = "<group>"; };
		67C70B6123EDA5CC00CE6C1A /* SortArrayByParity.swift */ = {isa = PBXFileReference; lastKnownFileType = sourcecode.swift; path = SortArrayByParity.swift; sourceTree = "<group>"; };
		67C70B6323EE877D00CE6C1A /* KeyboardRow.swift */ = {isa = PBXFileReference; lastKnownFileType = sourcecode.swift; path = KeyboardRow.swift; sourceTree = "<group>"; };
		67D030E7243F56F600F007E7 /* FindLuckyIntegerInAnArray.swift */ = {isa = PBXFileReference; lastKnownFileType = sourcecode.swift; path = FindLuckyIntegerInAnArray.swift; sourceTree = "<group>"; };
		67D030E9243F58DD00F007E7 /* CountNumberOfTeams.swift */ = {isa = PBXFileReference; lastKnownFileType = sourcecode.swift; path = CountNumberOfTeams.swift; sourceTree = "<group>"; };
		67D030EF243F5AD700F007E7 /* Design Underground System.swift */ = {isa = PBXFileReference; lastKnownFileType = sourcecode.swift; path = "Design Underground System.swift"; sourceTree = "<group>"; };
		67D8105123F173C4007505AB /* ReplaceElementsWithGreatestElementOnRightSide.swift */ = {isa = PBXFileReference; lastKnownFileType = sourcecode.swift; path = ReplaceElementsWithGreatestElementOnRightSide.swift; sourceTree = "<group>"; };
		67D8105323F183FB007505AB /* SumOfMutatedArrayClosestToTarget.swift */ = {isa = PBXFileReference; lastKnownFileType = sourcecode.swift; path = SumOfMutatedArrayClosestToTarget.swift; sourceTree = "<group>"; };
		67D8105523F1903F007505AB /* DeepestLeavesSum.swift */ = {isa = PBXFileReference; lastKnownFileType = sourcecode.swift; path = DeepestLeavesSum.swift; sourceTree = "<group>"; };
/* End PBXFileReference section */

/* Begin PBXFrameworksBuildPhase section */
		676C00D623BD060300C62D62 /* Frameworks */ = {
			isa = PBXFrameworksBuildPhase;
			buildActionMask = 2147483647;
			files = (
			);
			runOnlyForDeploymentPostprocessing = 0;
		};
/* End PBXFrameworksBuildPhase section */

/* Begin PBXGroup section */
		67108F1123F563460046B61C /* 167 */ = {
			isa = PBXGroup;
			children = (
				67108F1223F563740046B61C /* ConvertBinaryNumberInALinkedListToInteger.swift */,
				673EE4AE23F5679D005D8359 /* SequentialDigits.swift */,
				673EE4B023F57FDD005D8359 /* MaximumSideLengthOfASquareWithSumLessThanOrEqualToThreshold.swift */,
			);
			path = 167;
			sourceTree = "<group>";
		};
		67412857243CB09F004B1C68 /* 183 */ = {
			isa = PBXGroup;
			children = (
				67412858243CB0D1004B1C68 /* MinimumSubsequenceInNonIncreasingOrder.swift */,
				6741285A243CB463004B1C68 /* NumberOfStepsToReduceANumberInBinaryRepresentationToOne.swift */,
				6741285C243CBA9C004B1C68 /* LongestHappyString.swift */,
			);
			path = 183;
			sourceTree = "<group>";
		};
		676C00D023BD060300C62D62 = {
			isa = PBXGroup;
			children = (
				676C00DB23BD060300C62D62 /* LeetCode */,
				676C00DA23BD060300C62D62 /* Products */,
			);
			indentWidth = 2;
			sourceTree = "<group>";
			tabWidth = 2;
		};
		676C00DA23BD060300C62D62 /* Products */ = {
			isa = PBXGroup;
			children = (
				676C00D923BD060300C62D62 /* LeetCode */,
			);
			name = Products;
			sourceTree = "<group>";
		};
		676C00DB23BD060300C62D62 /* LeetCode */ = {
			isa = PBXGroup;
			children = (
				676C00DC23BD060300C62D62 /* main.swift */,
				676C00EB23BE1E4400C62D62 /* Easy */,
				6784885723E842650029B7F8 /* Weekly Contest */,
				67C70B5323ED7E5A00CE6C1A /* Biweekly Contest */,
			);
			path = LeetCode;
			sourceTree = "<group>";
		};
		676C00EB23BE1E4400C62D62 /* Easy */ = {
			isa = PBXGroup;
			children = (
				676C00E323BD062B00C62D62 /* TwoSum.swift */,
				676C00E723BE177200C62D62 /* DefangingAnIpAddress.swift */,
				676C00EC23BE1EA900C62D62 /* SubtractTheProductAndSumOfDigitsOfAnInteger.swift */,
				676C00EE23BE22C700C62D62 /* JewelsAndStones.swift */,
				6702656423C0AE6E009F4B4C /* SplitAStringInBalancedStrings.swift */,
				6766B84823C20D9700FEDA63 /* ToLowerCase.swift */,
				6766B84A23C2158300FEDA63 /* LengthOfLastWord.swift */,
				67A322DA23C8D62B00EB746D /* SquaresOfASortedArray.swift */,
				67A322DE23C903D700EB746D /* N-RepeatedElementInSize2NArray.swift */,
				67A322E623CA258700EB746D /* SingleNumber.swift */,
				67C70B5B23ED8E9F00CE6C1A /* UniqueNumberOfOccurrences.swift */,
				67C70B6123EDA5CC00CE6C1A /* SortArrayByParity.swift */,
				67C70B6323EE877D00CE6C1A /* KeyboardRow.swift */,
				6741285E243D0394004B1C68 /* NumberOfStepsToReduceANumberToZero.swift */,
				67412860243D0544004B1C68 /* HammingDistance.swift */,
				67412862243D0B62004B1C68 /* NumberOf1Bits.swift */,
				67412864243D0CA3004B1C68 /* ReverseBits.swift */,
			);
			path = Easy;
			sourceTree = "<group>";
		};
		676D1A0123F41740000DDDF6 /* 168 */ = {
			isa = PBXGroup;
			children = (
				676C00E923BE191600C62D62 /* FindNumbersWithEvenNumberOfDigits.swift */,
			);
			path = 168;
			sourceTree = "<group>";
		};
		6784885723E842650029B7F8 /* Weekly Contest */ = {
			isa = PBXGroup;
			children = (
				67412857243CB09F004B1C68 /* 183 */,
				67D030E6243F564600F007E7 /* 182 */,
				67A7836523E98E92006A9169 /* 174 */,
				67A7836623E98E9D006A9169 /* 173 */,
				679B451623EAEC5200586368 /* 172 */,
				679B453623EC2A2800586368 /* 171 */,
				67C217DA23EED09400602834 /* 170 */,
				67C217EA23F01F8500602834 /* 169 */,
				676D1A0123F41740000DDDF6 /* 168 */,
				67108F1123F563460046B61C /* 167 */,
			);
			path = "Weekly Contest";
			sourceTree = "<group>";
		};
		679B451623EAEC5200586368 /* 172 */ = {
			isa = PBXGroup;
			children = (
				679B451723EAEC6A00586368 /* Maximum69Number.swift */,
				679B451923EAEEA300586368 /* PrintWordsVertically.swift */,
			);
			path = 172;
			sourceTree = "<group>";
		};
		679B453623EC2A2800586368 /* 171 */ = {
			isa = PBXGroup;
			children = (
				679B453723EC2B1B00586368 /* ConvertIntegerToTheSumOfTwoNoZeroIntegers.swift */,
				679B453923EC303B00586368 /* MinimumFlipsToMakeAOrBEqualToC.swift */,
				679B453B23EC52F700586368 /* NumberOfOperationsToMakeNetworkConnected.swift */,
			);
			path = 171;
			sourceTree = "<group>";
		};
		67A7836523E98E92006A9169 /* 174 */ = {
			isa = PBXGroup;
			children = (
				6784885823E843200029B7F8 /* TheKWeakestRowsInAMatrix.swift */,
				6784885A23E84C290029B7F8 /* ReduceArraySizeToTheHalf.swift */,
				6784885C23E855440029B7F8 /* MaximumProductOfSplittedBinaryTree.swift */,
			);
			path = 174;
			sourceTree = "<group>";
		};
		67A7836623E98E9D006A9169 /* 173 */ = {
			isa = PBXGroup;
			children = (
				67A7836323E98E80006A9169 /* RemovePalindromicSubsequences.swift */,
				67A7836723E99E93006A9169 /* FilterRestaurantsByVeganfriendlypriceAndDistance.swift */,
			);
			path = 173;
			sourceTree = "<group>";
		};
		67B92BA3243DFB9B007B7FEF /* 23 */ = {
			isa = PBXGroup;
			children = (
				67B92BA4243DFBC2007B7FEF /* CountLargestGroup.swift */,
				67B92BA6243E082A007B7FEF /* ConstructKPalindromeStrings.swift */,
				67B92BA8243E10E0007B7FEF /* CircleAndRectangleOverlapping.swift */,
			);
			path = 23;
			sourceTree = "<group>";
		};
		67C217DA23EED09400602834 /* 170 */ = {
			isa = PBXGroup;
			children = (
				67C70B5D23ED96BB00CE6C1A /* DecryptStringFromAlphabetToIntegerMapping.swift */,
				67C217DB23EED34300602834 /* XorQueriesOfASubarray.swift */,
				67C217DD23EEF04200602834 /* GetWatchedVideosByYourFriends.swift */,
			);
			path = 170;
			sourceTree = "<group>";
		};
		67C217EA23F01F8500602834 /* 169 */ = {
			isa = PBXGroup;
			children = (
				67C70B5F23EDA01900CE6C1A /* FindNUniqueIntegersSumUpToZero.swift */,
				67C217EB23F0201C00602834 /* AllElementsInTwoBinarySearchTrees.swift */,
				67C217EF23F02D3D00602834 /* JumpGameIII.swift */,
			);
			path = 169;
			sourceTree = "<group>";
		};
		67C70B5323ED7E5A00CE6C1A /* Biweekly Contest */ = {
			isa = PBXGroup;
			children = (
				67B92BA3243DFB9B007B7FEF /* 23 */,
				67C70B5423ED7ECB00CE6C1A /* 17 */,
				67D8105023F173AE007505AB /* 16 */,
			);
			path = "Biweekly Contest";
			sourceTree = "<group>";
		};
		67C70B5423ED7ECB00CE6C1A /* 17 */ = {
			isa = PBXGroup;
			children = (
				67C70B5523ED7F8D00CE6C1A /* DecompressRunLengthEncodedList.swift */,
			);
			path = 17;
			sourceTree = "<group>";
		};
		67D030E6243F564600F007E7 /* 182 */ = {
			isa = PBXGroup;
			children = (
				67D030E7243F56F600F007E7 /* FindLuckyIntegerInAnArray.swift */,
				67D030E9243F58DD00F007E7 /* CountNumberOfTeams.swift */,
				67D030EF243F5AD700F007E7 /* Design Underground System.swift */,
			);
			path = 182;
			sourceTree = "<group>";
		};
		67D8105023F173AE007505AB /* 16 */ = {
			isa = PBXGroup;
			children = (
				67D8105123F173C4007505AB /* ReplaceElementsWithGreatestElementOnRightSide.swift */,
				67D8105323F183FB007505AB /* SumOfMutatedArrayClosestToTarget.swift */,
				67D8105523F1903F007505AB /* DeepestLeavesSum.swift */,
			);
			path = 16;
			sourceTree = "<group>";
		};
/* End PBXGroup section */

/* Begin PBXNativeTarget section */
		676C00D823BD060300C62D62 /* LeetCode */ = {
			isa = PBXNativeTarget;
			buildConfigurationList = 676C00E023BD060300C62D62 /* Build configuration list for PBXNativeTarget "LeetCode" */;
			buildPhases = (
				676C00D523BD060300C62D62 /* Sources */,
				676C00D623BD060300C62D62 /* Frameworks */,
				676C00D723BD060300C62D62 /* CopyFiles */,
			);
			buildRules = (
			);
			dependencies = (
			);
			name = LeetCode;
			productName = LeetCode;
			productReference = 676C00D923BD060300C62D62 /* LeetCode */;
			productType = "com.apple.product-type.tool";
		};
/* End PBXNativeTarget section */

/* Begin PBXProject section */
		676C00D123BD060300C62D62 /* Project object */ = {
			isa = PBXProject;
			attributes = {
				LastSwiftUpdateCheck = 1130;
				LastUpgradeCheck = 1130;
				ORGANIZATIONNAME = XFamily;
				TargetAttributes = {
					676C00D823BD060300C62D62 = {
						CreatedOnToolsVersion = 11.3;
					};
				};
			};
			buildConfigurationList = 676C00D423BD060300C62D62 /* Build configuration list for PBXProject "LeetCode" */;
			compatibilityVersion = "Xcode 9.3";
			developmentRegion = en;
			hasScannedForEncodings = 0;
			knownRegions = (
				en,
				Base,
			);
			mainGroup = 676C00D023BD060300C62D62;
			productRefGroup = 676C00DA23BD060300C62D62 /* Products */;
			projectDirPath = "";
			projectRoot = "";
			targets = (
				676C00D823BD060300C62D62 /* LeetCode */,
			);
		};
/* End PBXProject section */

/* Begin PBXSourcesBuildPhase section */
		676C00D523BD060300C62D62 /* Sources */ = {
			isa = PBXSourcesBuildPhase;
			buildActionMask = 2147483647;
			files = (
				67A322DB23C8D62B00EB746D /* SquaresOfASortedArray.swift in Sources */,
				676C00E823BE177200C62D62 /* DefangingAnIpAddress.swift in Sources */,
				67D030F0243F5AD700F007E7 /* Design Underground System.swift in Sources */,
				676C00E423BD062B00C62D62 /* TwoSum.swift in Sources */,
				6784885B23E84C290029B7F8 /* ReduceArraySizeToTheHalf.swift in Sources */,
				67C70B5C23ED8E9F00CE6C1A /* UniqueNumberOfOccurrences.swift in Sources */,
				679B451A23EAEEA300586368 /* PrintWordsVertically.swift in Sources */,
				6766B84923C20D9700FEDA63 /* ToLowerCase.swift in Sources */,
				67B92BA9243E10E0007B7FEF /* CircleAndRectangleOverlapping.swift in Sources */,
				67412863243D0B62004B1C68 /* NumberOf1Bits.swift in Sources */,
				67412865243D0CA3004B1C68 /* ReverseBits.swift in Sources */,
				67C217EC23F0201C00602834 /* AllElementsInTwoBinarySearchTrees.swift in Sources */,
				67D8105623F1903F007505AB /* DeepestLeavesSum.swift in Sources */,
				6784885D23E855440029B7F8 /* MaximumProductOfSplittedBinaryTree.swift in Sources */,
				67412859243CB0D1004B1C68 /* MinimumSubsequenceInNonIncreasingOrder.swift in Sources */,
				676C00DD23BD060300C62D62 /* main.swift in Sources */,
				6741285F243D0394004B1C68 /* NumberOfStepsToReduceANumberToZero.swift in Sources */,
				67C70B6223EDA5CC00CE6C1A /* SortArrayByParity.swift in Sources */,
				67A7836423E98E80006A9169 /* RemovePalindromicSubsequences.swift in Sources */,
				67C70B5623ED7F8D00CE6C1A /* DecompressRunLengthEncodedList.swift in Sources */,
				676C00EA23BE191600C62D62 /* FindNumbersWithEvenNumberOfDigits.swift in Sources */,
				676C00ED23BE1EA900C62D62 /* SubtractTheProductAndSumOfDigitsOfAnInteger.swift in Sources */,
				67B92BA5243DFBC2007B7FEF /* CountLargestGroup.swift in Sources */,
				6702656523C0AE6E009F4B4C /* SplitAStringInBalancedStrings.swift in Sources */,
				67A322E723CA258700EB746D /* SingleNumber.swift in Sources */,
				673EE4B123F57FDD005D8359 /* MaximumSideLengthOfASquareWithSumLessThanOrEqualToThreshold.swift in Sources */,
				67C70B5E23ED96BB00CE6C1A /* DecryptStringFromAlphabetToIntegerMapping.swift in Sources */,
				67D8105423F183FB007505AB /* SumOfMutatedArrayClosestToTarget.swift in Sources */,
				67108F1323F563740046B61C /* ConvertBinaryNumberInALinkedListToInteger.swift in Sources */,
				6766B84B23C2158300FEDA63 /* LengthOfLastWord.swift in Sources */,
				6784885923E843200029B7F8 /* TheKWeakestRowsInAMatrix.swift in Sources */,
				67412861243D0544004B1C68 /* HammingDistance.swift in Sources */,
				676C00EF23BE22C700C62D62 /* JewelsAndStones.swift in Sources */,
				67C217F023F02D3D00602834 /* JumpGameIII.swift in Sources */,
				679B453823EC2B1B00586368 /* ConvertIntegerToTheSumOfTwoNoZeroIntegers.swift in Sources */,
				673EE4AF23F5679D005D8359 /* SequentialDigits.swift in Sources */,
				67A322DF23C903D700EB746D /* N-RepeatedElementInSize2NArray.swift in Sources */,
				67C217DE23EEF04200602834 /* GetWatchedVideosByYourFriends.swift in Sources */,
				67D8105223F173C4007505AB /* ReplaceElementsWithGreatestElementOnRightSide.swift in Sources */,
				67C70B6423EE877D00CE6C1A /* KeyboardRow.swift in Sources */,
				67D030E8243F56F600F007E7 /* FindLuckyIntegerInAnArray.swift in Sources */,
				67C217DC23EED34300602834 /* XorQueriesOfASubarray.swift in Sources */,
				67C70B6023EDA01900CE6C1A /* FindNUniqueIntegersSumUpToZero.swift in Sources */,
				67D030EA243F58DD00F007E7 /* CountNumberOfTeams.swift in Sources */,
				6741285D243CBA9C004B1C68 /* LongestHappyString.swift in Sources */,
				67A7836823E99E93006A9169 /* FilterRestaurantsByVeganfriendlypriceAndDistance.swift in Sources */,
				679B453C23EC52F700586368 /* NumberOfOperationsToMakeNetworkConnected.swift in Sources */,
				679B453A23EC303B00586368 /* MinimumFlipsToMakeAOrBEqualToC.swift in Sources */,
				6741285B243CB463004B1C68 /* NumberOfStepsToReduceANumberInBinaryRepresentationToOne.swift in Sources */,
				67B92BA7243E082A007B7FEF /* ConstructKPalindromeStrings.swift in Sources */,
				679B451823EAEC6A00586368 /* Maximum69Number.swift in Sources */,
			);
			runOnlyForDeploymentPostprocessing = 0;
		};
/* End PBXSourcesBuildPhase section */

/* Begin XCBuildConfiguration section */
		676C00DE23BD060300C62D62 /* Debug */ = {
			isa = XCBuildConfiguration;
			buildSettings = {
				ALWAYS_SEARCH_USER_PATHS = NO;
				CLANG_ANALYZER_NONNULL = YES;
				CLANG_ANALYZER_NUMBER_OBJECT_CONVERSION = YES_AGGRESSIVE;
				CLANG_CXX_LANGUAGE_STANDARD = "gnu++14";
				CLANG_CXX_LIBRARY = "libc++";
				CLANG_ENABLE_MODULES = YES;
				CLANG_ENABLE_OBJC_ARC = YES;
				CLANG_ENABLE_OBJC_WEAK = YES;
				CLANG_WARN_BLOCK_CAPTURE_AUTORELEASING = YES;
				CLANG_WARN_BOOL_CONVERSION = YES;
				CLANG_WARN_COMMA = YES;
				CLANG_WARN_CONSTANT_CONVERSION = YES;
				CLANG_WARN_DEPRECATED_OBJC_IMPLEMENTATIONS = YES;
				CLANG_WARN_DIRECT_OBJC_ISA_USAGE = YES_ERROR;
				CLANG_WARN_DOCUMENTATION_COMMENTS = YES;
				CLANG_WARN_EMPTY_BODY = YES;
				CLANG_WARN_ENUM_CONVERSION = YES;
				CLANG_WARN_INFINITE_RECURSION = YES;
				CLANG_WARN_INT_CONVERSION = YES;
				CLANG_WARN_NON_LITERAL_NULL_CONVERSION = YES;
				CLANG_WARN_OBJC_IMPLICIT_RETAIN_SELF = YES;
				CLANG_WARN_OBJC_LITERAL_CONVERSION = YES;
				CLANG_WARN_OBJC_ROOT_CLASS = YES_ERROR;
				CLANG_WARN_RANGE_LOOP_ANALYSIS = YES;
				CLANG_WARN_STRICT_PROTOTYPES = YES;
				CLANG_WARN_SUSPICIOUS_MOVE = YES;
				CLANG_WARN_UNGUARDED_AVAILABILITY = YES_AGGRESSIVE;
				CLANG_WARN_UNREACHABLE_CODE = YES;
				CLANG_WARN__DUPLICATE_METHOD_MATCH = YES;
				COPY_PHASE_STRIP = NO;
				DEBUG_INFORMATION_FORMAT = dwarf;
				ENABLE_STRICT_OBJC_MSGSEND = YES;
				ENABLE_TESTABILITY = YES;
				GCC_C_LANGUAGE_STANDARD = gnu11;
				GCC_DYNAMIC_NO_PIC = NO;
				GCC_NO_COMMON_BLOCKS = YES;
				GCC_OPTIMIZATION_LEVEL = 0;
				GCC_PREPROCESSOR_DEFINITIONS = (
					"DEBUG=1",
					"$(inherited)",
				);
				GCC_WARN_64_TO_32_BIT_CONVERSION = YES;
				GCC_WARN_ABOUT_RETURN_TYPE = YES_ERROR;
				GCC_WARN_UNDECLARED_SELECTOR = YES;
				GCC_WARN_UNINITIALIZED_AUTOS = YES_AGGRESSIVE;
				GCC_WARN_UNUSED_FUNCTION = YES;
				GCC_WARN_UNUSED_VARIABLE = YES;
				MACOSX_DEPLOYMENT_TARGET = 10.14;
				MTL_ENABLE_DEBUG_INFO = INCLUDE_SOURCE;
				MTL_FAST_MATH = YES;
				ONLY_ACTIVE_ARCH = YES;
				SDKROOT = macosx;
				SWIFT_ACTIVE_COMPILATION_CONDITIONS = DEBUG;
				SWIFT_OPTIMIZATION_LEVEL = "-Onone";
			};
			name = Debug;
		};
		676C00DF23BD060300C62D62 /* Release */ = {
			isa = XCBuildConfiguration;
			buildSettings = {
				ALWAYS_SEARCH_USER_PATHS = NO;
				CLANG_ANALYZER_NONNULL = YES;
				CLANG_ANALYZER_NUMBER_OBJECT_CONVERSION = YES_AGGRESSIVE;
				CLANG_CXX_LANGUAGE_STANDARD = "gnu++14";
				CLANG_CXX_LIBRARY = "libc++";
				CLANG_ENABLE_MODULES = YES;
				CLANG_ENABLE_OBJC_ARC = YES;
				CLANG_ENABLE_OBJC_WEAK = YES;
				CLANG_WARN_BLOCK_CAPTURE_AUTORELEASING = YES;
				CLANG_WARN_BOOL_CONVERSION = YES;
				CLANG_WARN_COMMA = YES;
				CLANG_WARN_CONSTANT_CONVERSION = YES;
				CLANG_WARN_DEPRECATED_OBJC_IMPLEMENTATIONS = YES;
				CLANG_WARN_DIRECT_OBJC_ISA_USAGE = YES_ERROR;
				CLANG_WARN_DOCUMENTATION_COMMENTS = YES;
				CLANG_WARN_EMPTY_BODY = YES;
				CLANG_WARN_ENUM_CONVERSION = YES;
				CLANG_WARN_INFINITE_RECURSION = YES;
				CLANG_WARN_INT_CONVERSION = YES;
				CLANG_WARN_NON_LITERAL_NULL_CONVERSION = YES;
				CLANG_WARN_OBJC_IMPLICIT_RETAIN_SELF = YES;
				CLANG_WARN_OBJC_LITERAL_CONVERSION = YES;
				CLANG_WARN_OBJC_ROOT_CLASS = YES_ERROR;
				CLANG_WARN_RANGE_LOOP_ANALYSIS = YES;
				CLANG_WARN_STRICT_PROTOTYPES = YES;
				CLANG_WARN_SUSPICIOUS_MOVE = YES;
				CLANG_WARN_UNGUARDED_AVAILABILITY = YES_AGGRESSIVE;
				CLANG_WARN_UNREACHABLE_CODE = YES;
				CLANG_WARN__DUPLICATE_METHOD_MATCH = YES;
				COPY_PHASE_STRIP = NO;
				DEBUG_INFORMATION_FORMAT = "dwarf-with-dsym";
				ENABLE_NS_ASSERTIONS = NO;
				ENABLE_STRICT_OBJC_MSGSEND = YES;
				GCC_C_LANGUAGE_STANDARD = gnu11;
				GCC_NO_COMMON_BLOCKS = YES;
				GCC_WARN_64_TO_32_BIT_CONVERSION = YES;
				GCC_WARN_ABOUT_RETURN_TYPE = YES_ERROR;
				GCC_WARN_UNDECLARED_SELECTOR = YES;
				GCC_WARN_UNINITIALIZED_AUTOS = YES_AGGRESSIVE;
				GCC_WARN_UNUSED_FUNCTION = YES;
				GCC_WARN_UNUSED_VARIABLE = YES;
				MACOSX_DEPLOYMENT_TARGET = 10.14;
				MTL_ENABLE_DEBUG_INFO = NO;
				MTL_FAST_MATH = YES;
				SDKROOT = macosx;
				SWIFT_COMPILATION_MODE = wholemodule;
				SWIFT_OPTIMIZATION_LEVEL = "-O";
			};
			name = Release;
		};
		676C00E123BD060300C62D62 /* Debug */ = {
			isa = XCBuildConfiguration;
			buildSettings = {
				CODE_SIGN_STYLE = Automatic;
				DEVELOPMENT_TEAM = 59RC4ML6AP;
				ENABLE_HARDENED_RUNTIME = YES;
				PRODUCT_NAME = "$(TARGET_NAME)";
				SWIFT_VERSION = 5.0;
			};
			name = Debug;
		};
		676C00E223BD060300C62D62 /* Release */ = {
			isa = XCBuildConfiguration;
			buildSettings = {
				CODE_SIGN_STYLE = Automatic;
				DEVELOPMENT_TEAM = 59RC4ML6AP;
				ENABLE_HARDENED_RUNTIME = YES;
				PRODUCT_NAME = "$(TARGET_NAME)";
				SWIFT_VERSION = 5.0;
			};
			name = Release;
		};
/* End XCBuildConfiguration section */

/* Begin XCConfigurationList section */
		676C00D423BD060300C62D62 /* Build configuration list for PBXProject "LeetCode" */ = {
			isa = XCConfigurationList;
			buildConfigurations = (
				676C00DE23BD060300C62D62 /* Debug */,
				676C00DF23BD060300C62D62 /* Release */,
			);
			defaultConfigurationIsVisible = 0;
			defaultConfigurationName = Release;
		};
		676C00E023BD060300C62D62 /* Build configuration list for PBXNativeTarget "LeetCode" */ = {
			isa = XCConfigurationList;
			buildConfigurations = (
				676C00E123BD060300C62D62 /* Debug */,
				676C00E223BD060300C62D62 /* Release */,
			);
			defaultConfigurationIsVisible = 0;
			defaultConfigurationName = Release;
		};
/* End XCConfigurationList section */
	};
	rootObject = 676C00D123BD060300C62D62 /* Project object */;
}
